# This file is automatically @generated by Cargo.
# It is not intended for manual editing.
version = 4

[[package]]
name = "example-dispatch-tree"
version = "0.1.0"
dependencies = [
 "mingling",
]

[[package]]
name = "just_fmt"
version = "0.1.2"
source = "registry+https://github.com/rust-lang/crates.io-index"
checksum = "5454cda0d57db59778608d7a47bff5b16c6705598265869fb052b657f66cf05e"

[[package]]
name = "mingling"
version = "0.2.1"
dependencies = [
 "mingling_core",
 "mingling_macros",
]

[[package]]
name = "mingling_core"
version = "0.2.1"
source = "registry+https://github.com/rust-lang/crates.io-index"
checksum = "5c6a8751b43d4fd3d61d7b37f0d7f4d5d274d9391cf80cae9bd75f218219eefe"
dependencies = [
 "just_fmt",
]

[[package]]
name = "mingling_macros"
version = "0.2.1"
source = "registry+https://github.com/rust-lang/crates.io-index"
checksum = "b7cd478387797590d2afb4122078649c3e4f9da7f29dbf37817763fecf04958f"
dependencies = [
 "just_fmt",
 "proc-macro2",
 "quote",
 "syn",
]

[[package]]
name = "proc-macro2"
version = "1.0.106"
source = "registry+https://github.com/rust-lang/crates.io-index"
checksum = "8fd00f0bb2e90d81d1044c2b32617f68fcb9fa3bb7640c23e9c748e53fb30934"
dependencies = [
 "unicode-ident",
]

[[package]]
name = "quote"
version = "1.0.46"
source = "registry+https://github.com/rust-lang/crates.io-index"
checksum = "dfbc457d0c7a0759a614551b11a6409e5951f6c7537be1f1b7682b9ae9230368"
dependencies = [
 "proc-macro2",
]

[[package]]
name = "syn"
version = "2.0.118"
source = "registry+https://github.com/rust-lang/crates.io-index"
checksum = "1b9ae57f904213ebb649ce6895b8a66c66f0203b9319718f69a5612a065b1422"
dependencies = [
 "proc-macro2",
 "quote",
 "unicode-ident",
]

[[package]]
name = "unicode-ident"
version = "1.0.24"
source = "registry+https://github.com/rust-lang/crates.io-index"
checksum = "e6e4313cd5fcd3dad5cafa179702e2b244f760991f45397d14d4ebf38247da75"
